{
  "name": "minesweeper",
  "lockfileVersion": 3,
  "requires": true,
  "packages": {
    "": {
      "dependencies": {
        "@inquirer/prompts": "^2.2.0"
      },
      "devDependencies": {
        "@types/lodash.intersection": "^4.4.7",
        "@types/node": "^20.3.1",
        "esbuild": "^0.18.8",
        "esbuild-runner": "^2.2.2",
        "typescript": "^5.1.3"
      }
    },
    "node_modules/@esbuild/android-arm": {
      "version": "0.18.8",
      "resolved": "https://registry.npmjs.org/@esbuild/android-arm/-/android-arm-0.18.8.tgz",
      "integrity": "sha512-xDncukyW2b/JU04AZJ6cSAp4FaoAMyxFFTgmmNEKbjn2MwThw/ekHwt3d84Nm0fJG2KqKBS3D6uGDo2jzDN/uQ==",
      "cpu": [
        "arm"
      ],
      "dev": true,
      "optional": true,
      "os": [
        "android"
      ],
      "engines": {
        "node": ">=12"
      }
    },
    "node_modules/@esbuild/android-arm64": {
      "version": "0.18.8",
      "resolved": "https://registry.npmjs.org/@esbuild/android-arm64/-/android-arm64-0.18.8.tgz",
      "integrity": "sha512-8N8gkGu8vBq/cRPs8DDQmdwmS097A+XRHC/ay6wJjSEdLV3onTnfIkzew+g86k5bcakbxsE7zynCIhG0IgCT5Q==",
      "cpu": [
        "arm64"
      ],
      "dev": true,
      "optional": true,
      "os": [
        "android"
      ],
      "engines": {
        "node": ">=12"
      }
    },
    "node_modules/@esbuild/android-x64": {
      "version": "0.18.8",
      "resolved": "https://registry.npmjs.org/@esbuild/android-x64/-/android-x64-0.18.8.tgz",
      "integrity": "sha512-vLTz/naWZMVY01T0B6gneUmm9RTYBlhRzjSCDuQCZURC1Lp3Fw2gP32ZFTtIaMBK+hfSJilnmgTPuUkCTH6CwA==",
      "cpu": [
        "x64"
      ],
      "dev": true,
      "optional": true,
      "os": [
        "android"
      ],
      "engines": {
        "node": ">=12"
      }
    },
    "node_modules/@esbuild/darwin-arm64": {
      "version": "0.18.8",
      "resolved": "https://registry.npmjs.org/@esbuild/darwin-arm64/-/darwin-arm64-0.18.8.tgz",
      "integrity": "sha512-14oQ5IgillH6K7j750ug0IUfy86ql1CrHx4uxRMlq0lH5NthxEH+QIgqIzUUyDJdw0lOodtr4L905Q9VYIG2+g==",
      "cpu": [
        "arm64"
      ],
      "dev": true,
      "optional": true,
      "os": [
        "darwin"
      ],
      "engines": {
        "node": ">=12"
      }
    },
    "node_modules/@esbuild/darwin-x64": {
      "version": "0.18.8",
      "resolved": "https://registry.npmjs.org/@esbuild/darwin-x64/-/darwin-x64-0.18.8.tgz",
      "integrity": "sha512-OyEf+21R32glxR+IJpPhBgcbxSbc7adPe4hYggu2mbjqAAjJJAaYoYjNeojyp+ZKY2ZRX3FimBbeExVoPdEDfg==",
      "cpu": [
        "x64"
      ],
      "dev": true,
      "optional": true,
      "os": [
        "darwin"
      ],
      "engines": {
        "node": ">=12"
      }
    },
    "node_modules/@esbuild/freebsd-arm64": {
      "version": "0.18.8",
      "resolved": "https://registry.npmjs.org/@esbuild/freebsd-arm64/-/freebsd-arm64-0.18.8.tgz",
      "integrity": "sha512-ur5cFSmlE5YPqD+5X9E32wJ2nBnz/Lk30QuAiotam0kx2e2f9+dgTarqaDhUKt+xJo+6OLhCpHAlogQ1TAvJrw==",
      "cpu": [
        "arm64"
      ],
      "dev": true,
      "optional": true,
      "os": [
        "freebsd"
      ],
      "engines": {
        "node": ">=12"
      }
    },
    "node_modules/@esbuild/freebsd-x64": {
      "version": "0.18.8",
      "resolved": "https://registry.npmjs.org/@esbuild/freebsd-x64/-/freebsd-x64-0.18.8.tgz",
      "integrity": "sha512-j0dgVXUyInggnvEgFGS7FXTQncRwAmHkgAy8YE52kOsozkimpapE3Kuuwb6MXbhnqLvJevaFgGSAlseDlkXAlg==",
      "cpu": [
        "x64"
      ],
      "dev": true,
      "optional": true,
      "os": [
        "freebsd"
      ],
      "engines": {
        "node": ">=12"
      }
    },
    "node_modules/@esbuild/linux-arm": {
      "version": "0.18.8",
      "resolved": "https://registry.npmjs.org/@esbuild/linux-arm/-/linux-arm-0.18.8.tgz",
      "integrity": "sha512-moCWasFnLWfVmZjux2wE1YRoJlQ36hlthVD/B+UTic3UgCZ5LvpHTeqnF037JL9zS1W6d+cB0hUwithdIyZ/1w==",
      "cpu": [
        "arm"
      ],
      "dev": true,
      "optional": true,
      "os": [
        "linux"
      ],
      "engines": {
        "node": ">=12"
      }
    },
    "node_modules/@esbuild/linux-arm64": {
      "version": "0.18.8",
      "resolved": "https://registry.npmjs.org/@esbuild/linux-arm64/-/linux-arm64-0.18.8.tgz",
      "integrity": "sha512-Xp8brdqVVSTiN3/GGEAkMN1V2VCUrt11lxqHopYsbAvIf2YAfaW02/NFlekMq7SaAVcReYqbO7LReaOLzHaxgw==",
      "cpu": [
        "arm64"
      ],
      "dev": true,
      "optional": true,
      "os": [
        "linux"
      ],
      "engines": {
        "node": ">=12"
      }
    },
    "node_modules/@esbuild/linux-ia32": {
      "version": "0.18.8",
      "resolved": "https://registry.npmjs.org/@esbuild/linux-ia32/-/linux-ia32-0.18.8.tgz",
      "integrity": "sha512-mUDNdkY8mr4kZrekGLwZBFpvVX1VJLpwYUsbKTM/w0h4xVgsupc440nlsUfyz8OKeE92ZdMUUG8wrdOeZaONiQ==",
      "cpu": [
        "ia32"
      ],
      "dev": true,
      "optional": true,
      "os": [
        "linux"
      ],
      "engines": {
        "node": ">=12"
      }
    },
    "node_modules/@esbuild/linux-loong64": {
      "version": "0.18.8",
      "resolved": "https://registry.npmjs.org/@esbuild/linux-loong64/-/linux-loong64-0.18.8.tgz",
      "integrity": "sha512-wuzn8pABeFielmccZjn44eyVFo9G5rThVT91QdxZ02H7Yxek623ODpZoauAWwdBDFfK1R25RtKkxCvzfeJ1akg==",
      "cpu": [
        "loong64"
      ],
      "dev": true,
      "optional": true,
      "os": [
        "linux"
      ],
      "engines": {
        "node": ">=12"
      }
    },
    "node_modules/@esbuild/linux-mips64el": {
      "version": "0.18.8",
      "resolved": "https://registry.npmjs.org/@esbuild/linux-mips64el/-/linux-mips64el-0.18.8.tgz",
      "integrity": "sha512-9vIq+bR1PYqTV0Ea38a9h/r2xAecC56eQemOBXyzM3jQ9Bo8f3Q9On7mpiDrXich1eQuo9nna0ZBcaIJxaO58g==",
      "cpu": [
        "mips64el"
      ],
      "dev": true,
      "optional": true,
      "os": [
        "linux"
      ],
      "engines": {
        "node": ">=12"
      }
    },
    "node_modules/@esbuild/linux-ppc64": {
      "version": "0.18.8",
      "resolved": "https://registry.npmjs.org/@esbuild/linux-ppc64/-/linux-ppc64-0.18.8.tgz",
      "integrity": "sha512-9AFk6CgYytoQ0/RMnmr1zlpTA88g9ksxk0gmo9apY+O8Yzmcjd+Dl9LUX9k89dLnyyLgkHl6uLg1tpEzpQS+yA==",
      "cpu": [
        "ppc64"
      ],
      "dev": true,
      "optional": true,
      "os": [
        "linux"
      ],
      "engines": {
        "node": ">=12"
      }
    },
    "node_modules/@esbuild/linux-riscv64": {
      "version": "0.18.8",
      "resolved": "https://registry.npmjs.org/@esbuild/linux-riscv64/-/linux-riscv64-0.18.8.tgz",
      "integrity": "sha512-AyuhgbWMSbYrgr3Qz8OT6C92PSbSh7X9ckSgz4xnZYUWrBkR6YaRTp5L7zgcouA/cSm1AiOQauHgQb+EOCNBVQ==",
      "cpu": [
        "riscv64"
      ],
      "dev": true,
      "optional": true,
      "os": [
        "linux"
      ],
      "engines": {
        "node": ">=12"
      }
    },
    "node_modules/@esbuild/linux-s390x": {
      "version": "0.18.8",
      "resolved": "https://registry.npmjs.org/@esbuild/linux-s390x/-/linux-s390x-0.18.8.tgz",
      "integrity": "sha512-XU3UTgyFx80B+kCD82kun9usGT1+3YILtGeGx+StNWGT8wjHYCc5ZTsh4g+58kDoGPezquGO+Kso5VSlX2GU2g==",
      "cpu": [
        "s390x"
      ],
      "dev": true,
      "optional": true,
      "os": [
        "linux"
      ],
      "engines": {
        "node": ">=12"
      }
    },
    "node_modules/@esbuild/linux-x64": {
      "version": "0.18.8",
      "resolved": "https://registry.npmjs.org/@esbuild/linux-x64/-/linux-x64-0.18.8.tgz",
      "integrity": "sha512-/zBMV9cAFYFVTiyf7zg4ubMSfH0BGn5IPD+XZT0m2cYhtlMQLRQlNDpkaz5UlAIZBnBTCpjsbnI8X73xP2Zgtw==",
      "cpu": [
        "x64"
      ],
      "dev": true,
      "optional": true,
      "os": [
        "linux"
      ],
      "engines": {
        "node": ">=12"
      }
    },
    "node_modules/@esbuild/netbsd-x64": {
      "version": "0.18.8",
      "resolved": "https://registry.npmjs.org/@esbuild/netbsd-x64/-/netbsd-x64-0.18.8.tgz",
      "integrity": "sha512-/Aqh6SoP6UpLrgdfgFzi1Von4D5OhnJEYZNdkZA0AREuwSBcZh6X5eUsSCiEszJaeOt/oOZOvSwNR7i2VjmDnA==",
      "cpu": [
        "x64"
      ],
      "dev": true,
      "optional": true,
      "os": [
        "netbsd"
      ],
      "engines": {
        "node": ">=12"
      }
    },
    "node_modules/@esbuild/openbsd-x64": {
      "version": "0.18.8",
      "resolved": "https://registry.npmjs.org/@esbuild/openbsd-x64/-/openbsd-x64-0.18.8.tgz",
      "integrity": "sha512-twRW7IQ4ar1BilPDFf/IpsQY77dU50IUKZxs7veZVo4rnQbOXw6FPl2rWVJcVx+I6dkGzmt/yM6YW6FBdqA3DA==",
      "cpu": [
        "x64"
      ],
      "dev": true,
      "optional": true,
      "os": [
        "openbsd"
      ],
      "engines": {
        "node": ">=12"
      }
    },
    "node_modules/@esbuild/sunos-x64": {
      "version": "0.18.8",
      "resolved": "https://registry.npmjs.org/@esbuild/sunos-x64/-/sunos-x64-0.18.8.tgz",
      "integrity": "sha512-DSgYAFzvRisJQPxtTsUTFJ/Kr1KYZxxrKGfHPMnW2f/0KxOdLwRKbzWeG8g15gSBcDuDCZXnuUSFyu3ZyqbCzA==",
      "cpu": [
        "x64"
      ],
      "dev": true,
      "optional": true,
      "os": [
        "sunos"
      ],
      "engines": {
        "node": ">=12"
      }
    },
    "node_modules/@esbuild/win32-arm64": {
      "version": "0.18.8",
      "resolved": "https://registry.npmjs.org/@esbuild/win32-arm64/-/win32-arm64-0.18.8.tgz",
      "integrity": "sha512-eWoYo48Hp1yWbe2SSnmMNqnVprNgKtp0mP+aUeX/Lkw3gcsgRju5Qj7psfpA8cR0ULeWkrhmaSS4mgj4wfo97A==",
      "cpu": [
        "arm64"
      ],
      "dev": true,
      "optional": true,
      "os": [
        "win32"
      ],
      "engines": {
        "node": ">=12"
      }
    },
    "node_modules/@esbuild/win32-ia32": {
      "version": "0.18.8",
      "resolved": "https://registry.npmjs.org/@esbuild/win32-ia32/-/win32-ia32-0.18.8.tgz",
      "integrity": "sha512-A5mph1zmf7eEbAKZYqRHUBkO5PRdSO0bjH4XMAnYCXfndk72uHzvMmTNS5ZZ1dVUb55P45MFBBlZyW7SsnXxXw==",
      "cpu": [
        "ia32"
      ],
      "dev": true,
      "optional": true,
      "os": [
        "win32"
      ],
      "engines": {
        "node": ">=12"
      }
    },
    "node_modules/@esbuild/win32-x64": {
      "version": "0.18.8",
      "resolved": "https://registry.npmjs.org/@esbuild/win32-x64/-/win32-x64-0.18.8.tgz",
      "integrity": "sha512-/NKlWmdR5oxLswW/pdMKF8qwwtC7zpeTWvWffXpqNZ4Nib6lmnU2L5ijfSvWy8vxWhwmfR/CXA7GzuRL5nRxow==",
      "cpu": [
        "x64"
      ],
      "dev": true,
      "optional": true,
      "os": [
        "win32"
      ],
      "engines": {
        "node": ">=12"
      }
    },
    "node_modules/@inquirer/checkbox": {
      "version": "1.3.2",
      "resolved": "https://registry.npmjs.org/@inquirer/checkbox/-/checkbox-1.3.2.tgz",
      "integrity": "sha512-9ZhpEXiwlXAJ7KvUiDqIy9L4mayOGcP9aDRLT6eiwguuFW1gXQTspteIxk/b6QGger1UXJrtXQpPS7A+PGzVuA==",
      "dependencies": {
        "@inquirer/core": "^2.2.0",
        "@inquirer/type": "^1.1.0",
        "ansi-escapes": "^4.3.2",
        "chalk": "^4.1.2",
        "figures": "^3.2.0"
      },
      "engines": {
        "node": ">=14.18.0"
      }
    },
    "node_modules/@inquirer/confirm": {
      "version": "2.0.3",
      "resolved": "https://registry.npmjs.org/@inquirer/confirm/-/confirm-2.0.3.tgz",
      "integrity": "sha512-5wMDBZ3ufN9IRvGowSZZv7hlgi+WPgCAEtfXvZgDLS8vtCORj3qLXFAlPyB26Mj4cbnWADwpydF9P7JPY6vb4g==",
      "dependencies": {
        "@inquirer/core": "^2.2.0",
        "@inquirer/type": "^1.1.0",
        "chalk": "^4.1.2"
      },
      "engines": {
        "node": ">=14.18.0"
      }
    },
    "node_modules/@inquirer/core": {
      "version": "2.2.0",
      "resolved": "https://registry.npmjs.org/@inquirer/core/-/core-2.2.0.tgz",
      "integrity": "sha512-YcSAyRTEJTzitg3yzEGabz0Jwmi8iO9QiLeDVY8LQLzY9AsLouuGRvUZ2Savp1T7AAYCMqDFLQirzB+eSux2Vg==",
      "dependencies": {
        "@inquirer/type": "^1.1.0",
        "ansi-escapes": "^4.3.2",
        "chalk": "^4.1.2",
        "cli-spinners": "^2.8.0",
        "cli-width": "^4.0.0",
        "figures": "^3.2.0",
        "mute-stream": "^1.0.0",
        "run-async": "^3.0.0",
        "string-width": "^4.2.3",
        "strip-ansi": "^6.0.1",
        "wrap-ansi": "^6.0.1"
      },
      "engines": {
        "node": ">=14.18.0"
      }
    },
    "node_modules/@inquirer/editor": {
      "version": "1.2.1",
      "resolved": "https://registry.npmjs.org/@inquirer/editor/-/editor-1.2.1.tgz",
      "integrity": "sha512-BbmApP63G5bXW7+sLeJUgpeBvu29W5A1rD5BzMO93ChgfSLQRKucICKwZTc+UuJh4eiJ/KpVeVozoyttmV11AA==",
      "dependencies": {
        "@inquirer/core": "^2.2.0",
        "@inquirer/type": "^1.1.0",
        "chalk": "^4.1.2",
        "external-editor": "^3.0.3"
      },
      "engines": {
        "node": ">=14.18.0"
      }
    },
    "node_modules/@inquirer/expand": {
      "version": "1.1.2",
      "resolved": "https://registry.npmjs.org/@inquirer/expand/-/expand-1.1.2.tgz",
      "integrity": "sha512-oa40fTIibTOL6Y7AWPlmimTkA109/tLnqHFQLGfziVfAJNUEWfGDNdL04+l5uOLn+EaBVmdAz1jLzDm9BeLIPQ==",
      "dependencies": {
        "@inquirer/core": "^2.2.0",
        "@inquirer/type": "^1.1.0",
        "chalk": "^4.1.2",
        "figures": "^3.2.0"
      },
      "engines": {
        "node": ">=14.18.0"
      }
    },
    "node_modules/@inquirer/input": {
      "version": "1.2.2",
      "resolved": "https://registry.npmjs.org/@inquirer/input/-/input-1.2.2.tgz",
      "integrity": "sha512-ZMwt3+ov5yQgIWgVhP0vUpGccL/RtH7Nls6vJhPrpA+TaU9KJArSEOWFqQNIXwvsbWjcSO3nE1fIwi63TsLt7Q==",
      "dependencies": {
        "@inquirer/core": "^2.2.0",
        "@inquirer/type": "^1.1.0",
        "chalk": "^4.1.2"
      },
      "engines": {
        "node": ">=14.18.0"
      }
    },
    "node_modules/@inquirer/password": {
      "version": "1.1.2",
      "resolved": "https://registry.npmjs.org/@inquirer/password/-/password-1.1.2.tgz",
      "integrity": "sha512-Rhx7RsU7zB641+Mq2J5VUDYzCacVYVoJrlNRZlQJq5cQQlH4cQZbeH9GeIQarj4ZewTmwP5tBRKgO2lux8bTgg==",
      "dependencies": {
        "@inquirer/input": "^1.2.2",
        "@inquirer/type": "^1.1.0",
        "chalk": "^4.1.2"
      },
      "engines": {
        "node": ">=14.18.0"
      }
    },
    "node_modules/@inquirer/prompts": {
      "version": "2.2.0",
      "resolved": "https://registry.npmjs.org/@inquirer/prompts/-/prompts-2.2.0.tgz",
      "integrity": "sha512-lMknC3XVRoyt63N/i82z/Xp+geKZYvFaDZ2toRYM4JHEqCjcGr5bo3uuLBydR+sr0i5P5ULgw3W5FksHo7JjcA==",
      "dependencies": {
        "@inquirer/checkbox": "^1.3.2",
        "@inquirer/confirm": "^2.0.3",
        "@inquirer/core": "^2.2.0",
        "@inquirer/editor": "^1.2.1",
        "@inquirer/expand": "^1.1.2",
        "@inquirer/input": "^1.2.2",
        "@inquirer/password": "^1.1.2",
        "@inquirer/rawlist": "^1.2.2",
        "@inquirer/select": "^1.2.2"
      },
      "engines": {
        "node": ">=14.18.0"
      }
    },
    "node_modules/@inquirer/rawlist": {
      "version": "1.2.2",
      "resolved": "https://registry.npmjs.org/@inquirer/rawlist/-/rawlist-1.2.2.tgz",
      "integrity": "sha512-FQZS/8Z1kcYBMbDoqfmMJamE1leO2/SFqsPxEkSdFqdz8VXx/1S8Ldhz7wDNkRUBhIGTTkOxCtNJUsfSwT4vfA==",
      "dependencies": {
        "@inquirer/core": "^2.2.0",
        "@inquirer/type": "^1.1.0",
        "chalk": "^4.1.2"
      },
      "engines": {
        "node": ">=14.18.0"
      }
    },
    "node_modules/@inquirer/select": {
      "version": "1.2.2",
      "resolved": "https://registry.npmjs.org/@inquirer/select/-/select-1.2.2.tgz",
      "integrity": "sha512-asiP4Ej4AR0uWsQt8/ajAtF5IjBuTZ/YQgn/Xk7kviWN/wuFfUBo0dYntr0/rSvhNyt0jY6/yDhMM6mSPFLHRg==",
      "dependencies": {
        "@inquirer/core": "^2.2.0",
        "@inquirer/type": "^1.1.0",
        "ansi-escapes": "^4.3.2",
        "chalk": "^4.1.2",
        "figures": "^3.2.0"
      },
      "engines": {
        "node": ">=14.18.0"
      }
    },
    "node_modules/@inquirer/type": {
      "version": "1.1.0",
      "resolved": "https://registry.npmjs.org/@inquirer/type/-/type-1.1.0.tgz",
      "integrity": "sha512-XMaorygt2o/mXinZg/OOz6d3JKuV3o4jRc/3KDiVPeKLLkjiO4iJErbLKtKn+Od2ZC2lbiFQkrIuloVpEubisA==",
      "engines": {
        "node": ">=14.18.0"
      }
    },
    "node_modules/@types/lodash": {
      "version": "4.14.195",
      "resolved": "https://registry.npmjs.org/@types/lodash/-/lodash-4.14.195.tgz",
      "integrity": "sha512-Hwx9EUgdwf2GLarOjQp5ZH8ZmblzcbTBC2wtQWNKARBSxM9ezRIAUpeDTgoQRAFB0+8CNWXVA9+MaSOzOF3nPg==",
      "dev": true
    },
    "node_modules/@types/lodash.intersection": {
      "version": "4.4.7",
      "resolved": "https://registry.npmjs.org/@types/lodash.intersection/-/lodash.intersection-4.4.7.tgz",
      "integrity": "sha512-7ukD2s54bmRNNpiH9ApEErO4H6mB8+WmXFr/6RpP3e/n7h3UFhEJC7QwLcoWAqOrYCIRFMAAwDf3ambSsW8c5Q==",
      "dev": true,
      "dependencies": {
        "@types/lodash": "*"
      }
    },
    "node_modules/@types/node": {
      "version": "20.3.1",
      "resolved": "https://registry.npmjs.org/@types/node/-/node-20.3.1.tgz",
      "integrity": "sha512-EhcH/wvidPy1WeML3TtYFGR83UzjxeWRen9V402T8aUGYsCHOmfoisV3ZSg03gAFIbLq8TnWOJ0f4cALtnSEUg==",
      "dev": true
    },
    "node_modules/ansi-escapes": {
      "version": "4.3.2",
      "resolved": "https://registry.npmjs.org/ansi-escapes/-/ansi-escapes-4.3.2.tgz",
      "integrity": "sha512-gKXj5ALrKWQLsYG9jlTRmR/xKluxHV+Z9QEwNIgCfM1/uwPMCuzVVnh5mwTd+OuBZcwSIMbqssNWRm1lE51QaQ==",
      "dependencies": {
        "type-fest": "^0.21.3"
      },
      "engines": {
        "node": ">=8"
      },
      "funding": {
        "url": "https://github.com/sponsors/sindresorhus"
      }
    },
    "node_modules/ansi-regex": {
      "version": "5.0.1",
      "resolved": "https://registry.npmjs.org/ansi-regex/-/ansi-regex-5.0.1.tgz",
      "integrity": "sha512-quJQXlTSUGL2LH9SUXo8VwsY4soanhgo6LNSm84E1LBcE8s3O0wpdiRzyR9z/ZZJMlMWv37qOOb9pdJlMUEKFQ==",
      "engines": {
        "node": ">=8"
      }
    },
    "node_modules/ansi-styles": {
      "version": "4.3.0",
      "resolved": "https://registry.npmjs.org/ansi-styles/-/ansi-styles-4.3.0.tgz",
      "integrity": "sha512-zbB9rCJAT1rbjiVDb2hqKFHNYLxgtk8NURxZ3IZwD3F6NtxbXZQCnnSi1Lkx+IDohdPlFp222wVALIheZJQSEg==",
      "dependencies": {
        "color-convert": "^2.0.1"
      },
      "engines": {
        "node": ">=8"
      },
      "funding": {
        "url": "https://github.com/chalk/ansi-styles?sponsor=1"
      }
    },
    "node_modules/buffer-from": {
      "version": "1.1.2",
      "resolved": "https://registry.npmjs.org/buffer-from/-/buffer-from-1.1.2.tgz",
      "integrity": "sha512-E+XQCRwSbaaiChtv6k6Dwgc+bx+Bs6vuKJHHl5kox/BaKbhiXzqQOwK4cO22yElGp2OCmjwVhT3HmxgyPGnJfQ==",
      "dev": true
    },
    "node_modules/chalk": {
      "version": "4.1.2",
      "resolved": "https://registry.npmjs.org/chalk/-/chalk-4.1.2.tgz",
      "integrity": "sha512-oKnbhFyRIXpUuez8iBMmyEa4nbj4IOQyuhc/wy9kY7/WVPcwIO9VA668Pu8RkO7+0G76SLROeyw9CpQ061i4mA==",
      "dependencies": {
        "ansi-styles": "^4.1.0",
        "supports-color": "^7.1.0"
      },
      "engines": {
        "node": ">=10"
      },
      "funding": {
        "url": "https://github.com/chalk/chalk?sponsor=1"
      }
    },
    "node_modules/chardet": {
      "version": "0.7.0",
      "resolved": "https://registry.npmjs.org/chardet/-/chardet-0.7.0.tgz",
      "integrity": "sha512-mT8iDcrh03qDGRRmoA2hmBJnxpllMR+0/0qlzjqZES6NdiWDcZkCNAk4rPFZ9Q85r27unkiNNg8ZOiwZXBHwcA=="
    },
    "node_modules/cli-spinners": {
      "version": "2.9.0",
      "resolved": "https://registry.npmjs.org/cli-spinners/-/cli-spinners-2.9.0.tgz",
      "integrity": "sha512-4/aL9X3Wh0yiMQlE+eeRhWP6vclO3QRtw1JHKIT0FFUs5FjpFmESqtMvYZ0+lbzBw900b95mS0hohy+qn2VK/g==",
      "engines": {
        "node": ">=6"
      },
      "funding": {
        "url": "https://github.com/sponsors/sindresorhus"
      }
    },
    "node_modules/cli-width": {
      "version": "4.0.0",
      "resolved": "https://registry.npmjs.org/cli-width/-/cli-width-4.0.0.tgz",
      "integrity": "sha512-ZksGS2xpa/bYkNzN3BAw1wEjsLV/ZKOf/CCrJ/QOBsxx6fOARIkwTutxp1XIOIohi6HKmOFjMoK/XaqDVUpEEw==",
      "engines": {
        "node": ">= 12"
      }
    },
    "node_modules/color-convert": {
      "version": "2.0.1",
      "resolved": "https://registry.npmjs.org/color-convert/-/color-convert-2.0.1.tgz",
      "integrity": "sha512-RRECPsj7iu/xb5oKYcsFHSppFNnsj/52OVTRKb4zP5onXwVF3zVmmToNcOfGC+CRDpfK/U584fMg38ZHCaElKQ==",
      "dependencies": {
        "color-name": "~1.1.4"
      },
      "engines": {
        "node": ">=7.0.0"
      }
    },
    "node_modules/color-name": {
      "version": "1.1.4",
      "resolved": "https://registry.npmjs.org/color-name/-/color-name-1.1.4.tgz",
      "integrity": "sha512-dOy+3AuW3a2wNbZHIuMZpTcgjGuLU/uBL/ubcZF9OXbDo8ff4O8yVp5Bf0efS8uEoYo5q4Fx7dY9OgQGXgAsQA=="
    },
    "node_modules/emoji-regex": {
      "version": "8.0.0",
      "resolved": "https://registry.npmjs.org/emoji-regex/-/emoji-regex-8.0.0.tgz",
      "integrity": "sha512-MSjYzcWNOA0ewAHpz0MxpYFvwg6yjy1NG3xteoqz644VCo/RPgnr1/GGt+ic3iJTzQ8Eu3TdM14SawnVUmGE6A=="
    },
    "node_modules/esbuild": {
      "version": "0.18.8",
      "resolved": "https://registry.npmjs.org/esbuild/-/esbuild-0.18.8.tgz",
      "integrity": "sha512-3hJ4I81Wp1IT5z29FAlTAlbX+ElIqy4AuIf1GNcFjsRIfyO3linxmEVqoP865KTYT9BWosrCl081RM/35Z+scw==",
      "dev": true,
      "hasInstallScript": true,
      "bin": {
        "esbuild": "bin/esbuild"
      },
      "engines": {
        "node": ">=12"
      },
      "optionalDependencies": {
        "@esbuild/android-arm": "0.18.8",
        "@esbuild/android-arm64": "0.18.8",
        "@esbuild/android-x64": "0.18.8",
        "@esbuild/darwin-arm64": "0.18.8",
        "@esbuild/darwin-x64": "0.18.8",
        "@esbuild/freebsd-arm64": "0.18.8",
        "@esbuild/freebsd-x64": "0.18.8",
        "@esbuild/linux-arm": "0.18.8",
        "@esbuild/linux-arm64": "0.18.8",
        "@esbuild/linux-ia32": "0.18.8",
        "@esbuild/linux-loong64": "0.18.8",
        "@esbuild/linux-mips64el": "0.18.8",
        "@esbuild/linux-ppc64": "0.18.8",
        "@esbuild/linux-riscv64": "0.18.8",
        "@esbuild/linux-s390x": "0.18.8",
        "@esbuild/linux-x64": "0.18.8",
        "@esbuild/netbsd-x64": "0.18.8",
        "@esbuild/openbsd-x64": "0.18.8",
        "@esbuild/sunos-x64": "0.18.8",
        "@esbuild/win32-arm64": "0.18.8",
        "@esbuild/win32-ia32": "0.18.8",
        "@esbuild/win32-x64": "0.18.8"
      }
    },
    "node_modules/esbuild-runner": {
      "version": "2.2.2",
      "resolved": "https://registry.npmjs.org/esbuild-runner/-/esbuild-runner-2.2.2.tgz",
      "integrity": "sha512-fRFVXcmYVmSmtYm2mL8RlUASt2TDkGh3uRcvHFOKNr/T58VrfVeKD9uT9nlgxk96u0LS0ehS/GY7Da/bXWKkhw==",
      "dev": true,
      "dependencies": {
        "source-map-support": "0.5.21",
        "tslib": "2.4.0"
      },
      "bin": {
        "esr": "bin/esr.js"
      },
      "peerDependencies": {
        "esbuild": "*"
      }
    },
    "node_modules/escape-string-regexp": {
      "version": "1.0.5",
      "resolved": "https://registry.npmjs.org/escape-string-regexp/-/escape-string-regexp-1.0.5.tgz",
      "integrity": "sha512-vbRorB5FUQWvla16U8R/qgaFIya2qGzwDrNmCZuYKrbdSUMG6I1ZCGQRefkRVhuOkIGVne7BQ35DSfo1qvJqFg==",
      "engines": {
        "node": ">=0.8.0"
      }
    },
    "node_modules/external-editor": {
      "version": "3.1.0",
      "resolved": "https://registry.npmjs.org/external-editor/-/external-editor-3.1.0.tgz",
      "integrity": "sha512-hMQ4CX1p1izmuLYyZqLMO/qGNw10wSv9QDCPfzXfyFrOaCSSoRfqE1Kf1s5an66J5JZC62NewG+mK49jOCtQew==",
      "dependencies": {
        "chardet": "^0.7.0",
        "iconv-lite": "^0.4.24",
        "tmp": "^0.0.33"
      },
      "engines": {
        "node": ">=4"
      }
    },
    "node_modules/figures": {
      "version": "3.2.0",
      "resolved": "https://registry.npmjs.org/figures/-/figures-3.2.0.tgz",
      "integrity": "sha512-yaduQFRKLXYOGgEn6AZau90j3ggSOyiqXU0F9JZfeXYhNa+Jk4X+s45A2zg5jns87GAFa34BBm2kXw4XpNcbdg==",
      "dependencies": {
        "escape-string-regexp": "^1.0.5"
      },
      "engines": {
        "node": ">=8"
      },
      "funding": {
        "url": "https://github.com/sponsors/sindresorhus"
      }
    },
    "node_modules/has-flag": {
      "version": "4.0.0",
      "resolved": "https://registry.npmjs.org/has-flag/-/has-flag-4.0.0.tgz",
      "integrity": "sha512-EykJT/Q1KjTWctppgIAgfSO0tKVuZUjhgMr17kqTumMl6Afv3EISleU7qZUzoXDFTAHTDC4NOoG/ZxU3EvlMPQ==",
      "engines": {
        "node": ">=8"
      }
    },
    "node_modules/iconv-lite": {
      "version": "0.4.24",
      "resolved": "https://registry.npmjs.org/iconv-lite/-/iconv-lite-0.4.24.tgz",
      "integrity": "sha512-v3MXnZAcvnywkTUEZomIActle7RXXeedOR31wwl7VlyoXO4Qi9arvSenNQWne1TcRwhCL1HwLI21bEqdpj8/rA==",
      "dependencies": {
        "safer-buffer": ">= 2.1.2 < 3"
      },
      "engines": {
        "node": ">=0.10.0"
      }
    },
    "node_modules/is-fullwidth-code-point": {
      "version": "3.0.0",
      "resolved": "https://registry.npmjs.org/is-fullwidth-code-point/-/is-fullwidth-code-point-3.0.0.tgz",
      "integrity": "sha512-zymm5+u+sCsSWyD9qNaejV3DFvhCKclKdizYaJUuHA83RLjb7nSuGnddCHGv0hk+KY7BMAlsWeK4Ueg6EV6XQg==",
      "engines": {
        "node": ">=8"
      }
    },
    "node_modules/mute-stream": {
      "version": "1.0.0",
      "resolved": "https://registry.npmjs.org/mute-stream/-/mute-stream-1.0.0.tgz",
      "integrity": "sha512-avsJQhyd+680gKXyG/sQc0nXaC6rBkPOfyHYcFb9+hdkqQkR9bdnkJ0AMZhke0oesPqIO+mFFJ+IdBc7mst4IA==",
      "engines": {
        "node": "^14.17.0 || ^16.13.0 || >=18.0.0"
      }
    },
    "node_modules/os-tmpdir": {
      "version": "1.0.2",
      "resolved": "https://registry.npmjs.org/os-tmpdir/-/os-tmpdir-1.0.2.tgz",
      "integrity": "sha512-D2FR03Vir7FIu45XBY20mTb+/ZSWB00sjU9jdQXt83gDrI4Ztz5Fs7/yy74g2N5SVQY4xY1qDr4rNddwYRVX0g==",
      "engines": {
        "node": ">=0.10.0"
      }
    },
    "node_modules/run-async": {
      "version": "3.0.0",
      "resolved": "https://registry.npmjs.org/run-async/-/run-async-3.0.0.tgz",
      "integrity": "sha512-540WwVDOMxA6dN6We19EcT9sc3hkXPw5mzRNGM3FkdN/vtE9NFvj5lFAPNwUDmJjXidm3v7TC1cTE7t17Ulm1Q==",
      "engines": {
        "node": ">=0.12.0"
      }
    },
    "node_modules/safer-buffer": {
      "version": "2.1.2",
      "resolved": "https://registry.npmjs.org/safer-buffer/-/safer-buffer-2.1.2.tgz",
      "integrity": "sha512-YZo3K82SD7Riyi0E1EQPojLz7kpepnSQI9IyPbHHg1XXXevb5dJI7tpyN2ADxGcQbHG7vcyRHk0cbwqcQriUtg=="
    },
    "node_modules/source-map": {
      "version": "0.6.1",
      "resolved": "https://registry.npmjs.org/source-map/-/source-map-0.6.1.tgz",
      "integrity": "sha512-UjgapumWlbMhkBgzT7Ykc5YXUT46F0iKu8SGXq0bcwP5dz/h0Plj6enJqjz1Zbq2l5WaqYnrVbwWOWMyF3F47g==",
      "dev": true,
      "engines": {
        "node": ">=0.10.0"
      }
    },
    "node_modules/source-map-support": {
      "version": "0.5.21",
      "resolved": "https://registry.npmjs.org/source-map-support/-/source-map-support-0.5.21.tgz",
      "integrity": "sha512-uBHU3L3czsIyYXKX88fdrGovxdSCoTGDRZ6SYXtSRxLZUzHg5P/66Ht6uoUlHu9EZod+inXhKo3qQgwXUT/y1w==",
      "dev": true,
      "dependencies": {
        "buffer-from": "^1.0.0",
        "source-map": "^0.6.0"
      }
    },
    "node_modules/string-width": {
      "version": "4.2.3",
      "resolved": "https://registry.npmjs.org/string-width/-/string-width-4.2.3.tgz",
      "integrity": "sha512-wKyQRQpjJ0sIp62ErSZdGsjMJWsap5oRNihHhu6G7JVO/9jIB6UyevL+tXuOqrng8j/cxKTWyWUwvSTriiZz/g==",
      "dependencies": {
        "emoji-regex": "^8.0.0",
        "is-fullwidth-code-point": "^3.0.0",
        "strip-ansi": "^6.0.1"
      },
      "engines": {
        "node": ">=8"
      }
    },
    "node_modules/strip-ansi": {
      "version": "6.0.1",
      "resolved": "https://registry.npmjs.org/strip-ansi/-/strip-ansi-6.0.1.tgz",
      "integrity": "sha512-Y38VPSHcqkFrCpFnQ9vuSXmquuv5oXOKpGeT6aGrr3o3Gc9AlVa6JBfUSOCnbxGGZF+/0ooI7KrPuUSztUdU5A==",
      "dependencies": {
        "ansi-regex": "^5.0.1"
      },
      "engines": {
        "node": ">=8"
      }
    },
    "node_modules/supports-color": {
      "version": "7.2.0",
      "resolved": "https://registry.npmjs.org/supports-color/-/supports-color-7.2.0.tgz",
      "integrity": "sha512-qpCAvRl9stuOHveKsn7HncJRvv501qIacKzQlO/+Lwxc9+0q2wLyv4Dfvt80/DPn2pqOBsJdDiogXGR9+OvwRw==",
      "dependencies": {
        "has-flag": "^4.0.0"
      },
      "engines": {
        "node": ">=8"
      }
    },
    "node_modules/tmp": {
      "version": "0.0.33",
      "resolved": "https://registry.npmjs.org/tmp/-/tmp-0.0.33.tgz",
      "integrity": "sha512-jRCJlojKnZ3addtTOjdIqoRuPEKBvNXcGYqzO6zWZX8KfKEpnGY5jfggJQ3EjKuu8D4bJRr0y+cYJFmYbImXGw==",
      "dependencies": {
        "os-tmpdir": "~1.0.2"
      },
      "engines": {
        "node": ">=0.6.0"
      }
    },
    "node_modules/tslib": {
      "version": "2.4.0",
      "resolved": "https://registry.npmjs.org/tslib/-/tslib-2.4.0.tgz",
      "integrity": "sha512-d6xOpEDfsi2CZVlPQzGeux8XMwLT9hssAsaPYExaQMuYskwb+x1x7J371tWlbBdWHroy99KnVB6qIkUbs5X3UQ==",
      "dev": true
    },
    "node_modules/type-fest": {
      "version": "0.21.3",
      "resolved": "https://registry.npmjs.org/type-fest/-/type-fest-0.21.3.tgz",
      "integrity": "sha512-t0rzBq87m3fVcduHDUFhKmyyX+9eo6WQjZvf51Ea/M0Q7+T374Jp1aUiyUl0GKxp8M/OETVHSDvmkyPgvX+X2w==",
      "engines": {
        "node": ">=10"
      },
      "funding": {
        "url": "https://github.com/sponsors/sindresorhus"
      }
    },
    "node_modules/typescript": {
      "version": "5.1.3",
      "resolved": "https://registry.npmjs.org/typescript/-/typescript-5.1.3.tgz",
      "integrity": "sha512-XH627E9vkeqhlZFQuL+UsyAXEnibT0kWR2FWONlr4sTjvxyJYnyefgrkyECLzM5NenmKzRAy2rR/OlYLA1HkZw==",
      "dev": true,
      "bin": {
        "tsc": "bin/tsc",
        "tsserver": "bin/tsserver"
      },
      "engines": {
        "node": ">=14.17"
      }
    },
    "node_modules/wrap-ansi": {
      "version": "6.2.0",
      "resolved": "https://registry.npmjs.org/wrap-ansi/-/wrap-ansi-6.2.0.tgz",
      "integrity": "sha512-r6lPcBGxZXlIcymEu7InxDMhdW0KDxpLgoFLcguasxCaJ/SOIZwINatK9KY/tf+ZrlywOKU0UDj3ATXUBfxJXA==",
      "dependencies": {
        "ansi-styles": "^4.0.0",
        "string-width": "^4.1.0",
        "strip-ansi": "^6.0.0"
      },
      "engines": {
        "node": ">=8"
      }
    }
  }
}
